// !$*UTF8*$!
{
	archiveVersion = 1;
	classes = {
	};
	objectVersion = 56;
	objects = {

/* Begin PBXBuildFile section */
		116DD5042B151801009D4021 /* AppDelegate.swift in Sources */ = {isa = PBXBuildFile; fileRef = 116DD5032B151801009D4021 /* AppDelegate.swift */; };
		116DD5062B151801009D4021 /* SceneDelegate.swift in Sources */ = {isa = PBXBuildFile; fileRef = 116DD5052B151801009D4021 /* SceneDelegate.swift */; };
		116DD50D2B151802009D4021 /* Assets.xcassets in Resources */ = {isa = PBXBuildFile; fileRef = 116DD50C2B151802009D4021 /* Assets.xcassets */; };
		116DD5102B151802009D4021 /* LaunchScreen.storyboard in Resources */ = {isa = PBXBuildFile; fileRef = 116DD50E2B151802009D4021 /* LaunchScreen.storyboard */; };
		116DD51C2B151E51009D4021 /* LoginViewController.swift in Sources */ = {isa = PBXBuildFile; fileRef = 116DD51B2B151E51009D4021 /* LoginViewController.swift */; };
		116DD5202B15235F009D4021 /* StandardInput.swift in Sources */ = {isa = PBXBuildFile; fileRef = 116DD51F2B15235F009D4021 /* StandardInput.swift */; };
		116DD5232B1526E9009D4021 /* CGFloatExtensions.swift in Sources */ = {isa = PBXBuildFile; fileRef = 116DD5222B1526E9009D4021 /* CGFloatExtensions.swift */; };
/* End PBXBuildFile section */

/* Begin PBXFileReference section */
		116DD5002B151801009D4021 /* SamplePhotoApp.app */ = {isa = PBXFileReference; explicitFileType = wrapper.application; includeInIndex = 0; path = SamplePhotoApp.app; sourceTree = BUILT_PRODUCTS_DIR; };
		116DD5032B151801009D4021 /* AppDelegate.swift */ = {isa = PBXFileReference; lastKnownFileType = sourcecode.swift; path = AppDelegate.swift; sourceTree = "<group>"; };
		116DD5052B151801009D4021 /* SceneDelegate.swift */ = {isa = PBXFileReference; lastKnownFileType = sourcecode.swift; path = SceneDelegate.swift; sourceTree = "<group>"; };
		116DD50C2B151802009D4021 /* Assets.xcassets */ = {isa = PBXFileReference; lastKnownFileType = folder.assetcatalog; path = Assets.xcassets; sourceTree = "<group>"; };
		116DD50F2B151802009D4021 /* Base */ = {isa = PBXFileReference; lastKnownFileType = file.storyboard; name = Base; path = Base.lproj/LaunchScreen.storyboard; sourceTree = "<group>"; };
		116DD5112B151802009D4021 /* Info.plist */ = {isa = PBXFileReference; lastKnownFileType = text.plist.xml; path = Info.plist; sourceTree = "<group>"; };
		116DD51B2B151E51009D4021 /* LoginViewController.swift */ = {isa = PBXFileReference; lastKnownFileType = sourcecode.swift; path = LoginViewController.swift; sourceTree = "<group>"; };
		116DD51F2B15235F009D4021 /* StandardInput.swift */ = {isa = PBXFileReference; lastKnownFileType = sourcecode.swift; path = StandardInput.swift; sourceTree = "<group>"; };
		116DD5222B1526E9009D4021 /* CGFloatExtensions.swift */ = {isa = PBXFileReference; lastKnownFileType = sourcecode.swift; path = CGFloatExtensions.swift; sourceTree = "<group>"; };
/* End PBXFileReference section */

/* Begin PBXFrameworksBuildPhase section */
		116DD4FD2B151801009D4021 /* Frameworks */ = {
			isa = PBXFrameworksBuildPhase;
			buildActionMask = 2147483647;
			files = (
			);
			runOnlyForDeploymentPostprocessing = 0;
		};
/* End PBXFrameworksBuildPhase section */

/* Begin PBXGroup section */
		116DD4F72B151801009D4021 = {
			isa = PBXGroup;
			children = (
				116DD5022B151801009D4021 /* SamplePhotoApp */,
				116DD5012B151801009D4021 /* Products */,
			);
			sourceTree = "<group>";
		};
		116DD5012B151801009D4021 /* Products */ = {
			isa = PBXGroup;
			children = (
				116DD5002B151801009D4021 /* SamplePhotoApp.app */,
			);
			name = Products;
			sourceTree = "<group>";
		};
		116DD5022B151801009D4021 /* SamplePhotoApp */ = {
			isa = PBXGroup;
			children = (
				116DD5172B151AD2009D4021 /* App */,
				116DD5192B151D8C009D4021 /* Scenes */,
				116DD51D2B1522B3009D4021 /* UIComponents */,
				116DD5212B1526D5009D4021 /* Extensions */,
			);
			path = SamplePhotoApp;
			sourceTree = "<group>";
		};
		116DD5172B151AD2009D4021 /* App */ = {
			isa = PBXGroup;
			children = (
				116DD5032B151801009D4021 /* AppDelegate.swift */,
				116DD5052B151801009D4021 /* SceneDelegate.swift */,
				116DD50C2B151802009D4021 /* Assets.xcassets */,
				116DD50E2B151802009D4021 /* LaunchScreen.storyboard */,
				116DD5112B151802009D4021 /* Info.plist */,
			);
			path = App;
			sourceTree = "<group>";
		};
		116DD5192B151D8C009D4021 /* Scenes */ = {
			isa = PBXGroup;
			children = (
				116DD51A2B151D97009D4021 /* Login */,
			);
			path = Scenes;
			sourceTree = "<group>";
		};
		116DD51A2B151D97009D4021 /* Login */ = {
			isa = PBXGroup;
			children = (
				116DD51B2B151E51009D4021 /* LoginViewController.swift */,
			);
			path = Login;
			sourceTree = "<group>";
		};
		116DD51D2B1522B3009D4021 /* UIComponents */ = {
			isa = PBXGroup;
			children = (
				116DD51E2B15234C009D4021 /* Input */,
			);
			path = UIComponents;
			sourceTree = "<group>";
		};
		116DD51E2B15234C009D4021 /* Input */ = {
			isa = PBXGroup;
			children = (
				116DD51F2B15235F009D4021 /* StandardInput.swift */,
			);
			path = Input;
			sourceTree = "<group>";
		};
		116DD5212B1526D5009D4021 /* Extensions */ = {
			isa = PBXGroup;
			children = (
				116DD5222B1526E9009D4021 /* CGFloatExtensions.swift */,
			);
			path = Extensions;
			sourceTree = "<group>";
		};
/* End PBXGroup section */

/* Begin PBXNativeTarget section */
		116DD4FF2B151801009D4021 /* SamplePhotoApp */ = {
			isa = PBXNativeTarget;
			buildConfigurationList = 116DD5142B151802009D4021 /* Build configuration list for PBXNativeTarget "SamplePhotoApp" */;
			buildPhases = (
				116DD4FC2B151801009D4021 /* Sources */,
				116DD4FD2B151801009D4021 /* Frameworks */,
				116DD4FE2B151801009D4021 /* Resources */,
			);
			buildRules = (
			);
			dependencies = (
			);
			name = SamplePhotoApp;
			productName = SamplePhotoApp;
			productReference = 116DD5002B151801009D4021 /* SamplePhotoApp.app */;
			productType = "com.apple.product-type.application";
		};
/* End PBXNativeTarget section */

/* Begin PBXProject section */
		116DD4F82B151801009D4021 /* Project object */ = {
			isa = PBXProject;
			attributes = {
				BuildIndependentTargetsInParallel = 1;
				LastSwiftUpdateCheck = 1420;
				LastUpgradeCheck = 1420;
				TargetAttributes = {
					116DD4FF2B151801009D4021 = {
						CreatedOnToolsVersion = 14.2;
					};
				};
			};
			buildConfigurationList = 116DD4FB2B151801009D4021 /* Build configuration list for PBXProject "SamplePhotoApp" */;
			compatibilityVersion = "Xcode 14.0";
			developmentRegion = en;
			hasScannedForEncodings = 0;
			knownRegions = (
				en,
				Base,
			);
			mainGroup = 116DD4F72B151801009D4021;
			productRefGroup = 116DD5012B151801009D4021 /* Products */;
			projectDirPath = "";
			projectRoot = "";
			targets = (
				116DD4FF2B151801009D4021 /* SamplePhotoApp */,
			);
		};
/* End PBXProject section */

/* Begin PBXResourcesBuildPhase section */
		116DD4FE2B151801009D4021 /* Resources */ = {
			isa = PBXResourcesBuildPhase;
			buildActionMask = 2147483647;
			files = (
				116DD5102B151802009D4021 /* LaunchScreen.storyboard in Resources */,
				116DD50D2B151802009D4021 /* Assets.xcassets in Resources */,
			);
			runOnlyForDeploymentPostprocessing = 0;
		};
/* End PBXResourcesBuildPhase section */

/* Begin PBXSourcesBuildPhase section */
		116DD4FC2B151801009D4021 /* Sources */ = {
			isa = PBXSourcesBuildPhase;
			buildActionMask = 2147483647;
			files = (
				116DD51C2B151E51009D4021 /* LoginViewController.swift in Sources */,
				116DD5042B151801009D4021 /* AppDelegate.swift in Sources */,
				116DD5062B151801009D4021 /* SceneDelegate.swift in Sources */,
				116DD5202B15235F009D4021 /* StandardInput.swift in Sources */,
				116DD5232B1526E9009D4021 /* CGFloatExtensions.swift in Sources */,
			);
			runOnlyForDeploymentPostprocessing = 0;
		};
/* End PBXSourcesBuildPhase section */

/* Begin PBXVariantGroup section */
		116DD50E2B151802009D4021 /* LaunchScreen.storyboard */ = {
			isa = PBXVariantGroup;
			children = (
				116DD50F2B151802009D4021 /* Base */,
			);
			name = LaunchScreen.storyboard;
			sourceTree = "<group>";
		};
/* End PBXVariantGroup section */

/* Begin XCBuildConfiguration section */
		116DD5122B151802009D4021 /* Debug */ = {
			isa = XCBuildConfiguration;
			buildSettings = {
				ALWAYS_SEARCH_USER_PATHS = NO;
				CLANG_ANALYZER_NONNULL = YES;
				CLANG_ANALYZER_NUMBER_OBJECT_CONVERSION = YES_AGGRESSIVE;
				CLANG_CXX_LANGUAGE_STANDARD = "gnu++20";
				CLANG_ENABLE_MODULES = YES;
				CLANG_ENABLE_OBJC_ARC = YES;
				CLANG_ENABLE_OBJC_WEAK = YES;
				CLANG_WARN_BLOCK_CAPTURE_AUTORELEASING = YES;
				CLANG_WARN_BOOL_CONVERSION = YES;
				CLANG_WARN_COMMA = YES;
				CLANG_WARN_CONSTANT_CONVERSION = YES;
				CLANG_WARN_DEPRECATED_OBJC_IMPLEMENTATIONS = YES;
				CLANG_WARN_DIRECT_OBJC_ISA_USAGE = YES_ERROR;
				CLANG_WARN_DOCUMENTATION_COMMENTS = YES;
				CLANG_WARN_EMPTY_BODY = YES;
				CLANG_WARN_ENUM_CONVERSION = YES;
				CLANG_WARN_INFINITE_RECURSION = YES;
				CLANG_WARN_INT_CONVERSION = YES;
				CLANG_WARN_NON_LITERAL_NULL_CONVERSION = YES;
				CLANG_WARN_OBJC_IMPLICIT_RETAIN_SELF = YES;
				CLANG_WARN_OBJC_LITERAL_CONVERSION = YES;
				CLANG_WARN_OBJC_ROOT_CLASS = YES_ERROR;
				CLANG_WARN_QUOTED_INCLUDE_IN_FRAMEWORK_HEADER = YES;
				CLANG_WARN_RANGE_LOOP_ANALYSIS = YES;
				CLANG_WARN_STRICT_PROTOTYPES = YES;
				CLANG_WARN_SUSPICIOUS_MOVE = YES;
				CLANG_WARN_UNGUARDED_AVAILABILITY = YES_AGGRESSIVE;
				CLANG_WARN_UNREACHABLE_CODE = YES;
				CLANG_WARN__DUPLICATE_METHOD_MATCH = YES;
				COPY_PHASE_STRIP = NO;
				DEBUG_INFORMATION_FORMAT = dwarf;
				ENABLE_STRICT_OBJC_MSGSEND = YES;
				ENABLE_TESTABILITY = YES;
				GCC_C_LANGUAGE_STANDARD = gnu11;
				GCC_DYNAMIC_NO_PIC = NO;
				GCC_NO_COMMON_BLOCKS = YES;
				GCC_OPTIMIZATION_LEVEL = 0;
				GCC_PREPROCESSOR_DEFINITIONS = (
					"DEBUG=1",
					"$(inherited)",
				);
				GCC_WARN_64_TO_32_BIT_CONVERSION = YES;
				GCC_WARN_ABOUT_RETURN_TYPE = YES_ERROR;
				GCC_WARN_UNDECLARED_SELECTOR = YES;
				GCC_WARN_UNINITIALIZED_AUTOS = YES_AGGRESSIVE;
				GCC_WARN_UNUSED_FUNCTION = YES;
				GCC_WARN_UNUSED_VARIABLE = YES;
				IPHONEOS_DEPLOYMENT_TARGET = 16.2;
				MTL_ENABLE_DEBUG_INFO = INCLUDE_SOURCE;
				MTL_FAST_MATH = YES;
				ONLY_ACTIVE_ARCH = YES;
				SDKROOT = iphoneos;
				SWIFT_ACTIVE_COMPILATION_CONDITIONS = DEBUG;
				SWIFT_OPTIMIZATION_LEVEL = "-Onone";
			};
			name = Debug;
		};
		116DD5132B151802009D4021 /* Release */ = {
			isa = XCBuildConfiguration;
			buildSettings = {
				ALWAYS_SEARCH_USER_PATHS = NO;
				CLANG_ANALYZER_NONNULL = YES;
				CLANG_ANALYZER_NUMBER_OBJECT_CONVERSION = YES_AGGRESSIVE;
				CLANG_CXX_LANGUAGE_STANDARD = "gnu++20";
				CLANG_ENABLE_MODULES = YES;
				CLANG_ENABLE_OBJC_ARC = YES;
				CLANG_ENABLE_OBJC_WEAK = YES;
				CLANG_WARN_BLOCK_CAPTURE_AUTORELEASING = YES;
				CLANG_WARN_BOOL_CONVERSION = YES;
				CLANG_WARN_COMMA = YES;
				CLANG_WARN_CONSTANT_CONVERSION = YES;
				CLANG_WARN_DEPRECATED_OBJC_IMPLEMENTATIONS = YES;
				CLANG_WARN_DIRECT_OBJC_ISA_USAGE = YES_ERROR;
				CLANG_WARN_DOCUMENTATION_COMMENTS = YES;
				CLANG_WARN_EMPTY_BODY = YES;
				CLANG_WARN_ENUM_CONVERSION = YES;
				CLANG_WARN_INFINITE_RECURSION = YES;
				CLANG_WARN_INT_CONVERSION = YES;
				CLANG_WARN_NON_LITERAL_NULL_CONVERSION = YES;
				CLANG_WARN_OBJC_IMPLICIT_RETAIN_SELF = YES;
				CLANG_WARN_OBJC_LITERAL_CONVERSION = YES;
				CLANG_WARN_OBJC_ROOT_CLASS = YES_ERROR;
				CLANG_WARN_QUOTED_INCLUDE_IN_FRAMEWORK_HEADER = YES;
				CLANG_WARN_RANGE_LOOP_ANALYSIS = YES;
				CLANG_WARN_STRICT_PROTOTYPES = YES;
				CLANG_WARN_SUSPICIOUS_MOVE = YES;
				CLANG_WARN_UNGUARDED_AVAILABILITY = YES_AGGRESSIVE;
				CLANG_WARN_UNREACHABLE_CODE = YES;
				CLANG_WARN__DUPLICATE_METHOD_MATCH = YES;
				COPY_PHASE_STRIP = NO;
				DEBUG_INFORMATION_FORMAT = "dwarf-with-dsym";
				ENABLE_NS_ASSERTIONS = NO;
				ENABLE_STRICT_OBJC_MSGSEND = YES;
				GCC_C_LANGUAGE_STANDARD = gnu11;
				GCC_NO_COMMON_BLOCKS = YES;
				GCC_WARN_64_TO_32_BIT_CONVERSION = YES;
				GCC_WARN_ABOUT_RETURN_TYPE = YES_ERROR;
				GCC_WARN_UNDECLARED_SELECTOR = YES;
				GCC_WARN_UNINITIALIZED_AUTOS = YES_AGGRESSIVE;
				GCC_WARN_UNUSED_FUNCTION = YES;
				GCC_WARN_UNUSED_VARIABLE = YES;
				IPHONEOS_DEPLOYMENT_TARGET = 16.2;
				MTL_ENABLE_DEBUG_INFO = NO;
				MTL_FAST_MATH = YES;
				SDKROOT = iphoneos;
				SWIFT_COMPILATION_MODE = wholemodule;
				SWIFT_OPTIMIZATION_LEVEL = "-O";
				VALIDATE_PRODUCT = YES;
			};
			name = Release;
		};
		116DD5152B151802009D4021 /* Debug */ = {
			isa = XCBuildConfiguration;
			buildSettings = {
				ASSETCATALOG_COMPILER_APPICON_NAME = AppIcon;
				ASSETCATALOG_COMPILER_GLOBAL_ACCENT_COLOR_NAME = AccentColor;
				CODE_SIGN_STYLE = Automatic;
				CURRENT_PROJECT_VERSION = 1;
				DEVELOPMENT_TEAM = 69HSU29PJ2;
				GENERATE_INFOPLIST_FILE = YES;
				INFOPLIST_FILE = SamplePhotoApp/App/Info.plist;
				INFOPLIST_KEY_UIApplicationSupportsIndirectInputEvents = YES;
				INFOPLIST_KEY_UILaunchStoryboardName = LaunchScreen;
				INFOPLIST_KEY_UISupportedInterfaceOrientations_iPad = "UIInterfaceOrientationPortrait UIInterfaceOrientationPortraitUpsideDown UIInterfaceOrientationLandscapeLeft UIInterfaceOrientationLandscapeRight";
				INFOPLIST_KEY_UISupportedInterfaceOrientations_iPhone = "UIInterfaceOrientationPortrait UIInterfaceOrientationLandscapeLeft UIInterfaceOrientationLandscapeRight";
				LD_RUNPATH_SEARCH_PATHS = (
					"$(inherited)",
					"@executable_path/Frameworks",
				);
				MARKETING_VERSION = 1.0;
				PRODUCT_BUNDLE_IDENTIFIER = VK.SamplePhotoApp;
				PRODUCT_NAME = "$(TARGET_NAME)";
				SWIFT_EMIT_LOC_STRINGS = YES;
				SWIFT_VERSION = 5.0;
				TARGETED_DEVICE_FAMILY = "1,2";
			};
			name = Debug;
		};
		116DD5162B151802009D4021 /* Release */ = {
			isa = XCBuildConfiguration;
			buildSettings = {
				ASSETCATALOG_COMPILER_APPICON_NAME = AppIcon;
				ASSETCATALOG_COMPILER_GLOBAL_ACCENT_COLOR_NAME = AccentColor;
				CODE_SIGN_STYLE = Automatic;
				CURRENT_PROJECT_VERSION = 1;
				DEVELOPMENT_TEAM = 69HSU29PJ2;
				GENERATE_INFOPLIST_FILE = YES;
				INFOPLIST_FILE = SamplePhotoApp/App/Info.plist;
				INFOPLIST_KEY_UIApplicationSupportsIndirectInputEvents = YES;
				INFOPLIST_KEY_UILaunchStoryboardName = LaunchScreen;
				INFOPLIST_KEY_UISupportedInterfaceOrientations_iPad = "UIInterfaceOrientationPortrait UIInterfaceOrientationPortraitUpsideDown UIInterfaceOrientationLandscapeLeft UIInterfaceOrientationLandscapeRight";
				INFOPLIST_KEY_UISupportedInterfaceOrientations_iPhone = "UIInterfaceOrientationPortrait UIInterfaceOrientationLandscapeLeft UIInterfaceOrientationLandscapeRight";
				LD_RUNPATH_SEARCH_PATHS = (
					"$(inherited)",
					"@executable_path/Frameworks",
				);
				MARKETING_VERSION = 1.0;
				PRODUCT_BUNDLE_IDENTIFIER = VK.SamplePhotoApp;
				PRODUCT_NAME = "$(TARGET_NAME)";
				SWIFT_EMIT_LOC_STRINGS = YES;
				SWIFT_VERSION = 5.0;
				TARGETED_DEVICE_FAMILY = "1,2";
			};
			name = Release;
		};
/* End XCBuildConfiguration section */

/* Begin XCConfigurationList section */
		116DD4FB2B151801009D4021 /* Build configuration list for PBXProject "SamplePhotoApp" */ = {
			isa = XCConfigurationList;
			buildConfigurations = (
				116DD5122B151802009D4021 /* Debug */,
				116DD5132B151802009D4021 /* Release */,
			);
			defaultConfigurationIsVisible = 0;
			defaultConfigurationName = Release;
		};
		116DD5142B151802009D4021 /* Build configuration list for PBXNativeTarget "SamplePhotoApp" */ = {
			isa = XCConfigurationList;
			buildConfigurations = (
				116DD5152B151802009D4021 /* Debug */,
				116DD5162B151802009D4021 /* Release */,
			);
			defaultConfigurationIsVisible = 0;
			defaultConfigurationName = Release;
		};
/* End XCConfigurationList section */
	};
	rootObject = 116DD4F82B151801009D4021 /* Project object */;
}
